
Microsoft Visual Studio Solution File, Format Version 12.00
# Visual Studio Version 16
VisualStudioVersion = 16.0.30011.22
MinimumVisualStudioVersion = 10.0.40219.1
Project("{FAE04EC0-301F-11D3-BF4B-00C04F79EFBC}") = "MyLittleMedium", "MyLittleMedium\MyLittleMedium.csproj", "{648B3C00-A12C-4E83-B601-1D94C71A3A8B}"
EndProject
Global
	GlobalSection(SolutionConfigurationPlatforms) = preSolution
		Debug|Any CPU = Debug|Any CPU
		Release|Any CPU = Release|Any CPU
	EndGlobalSection
	GlobalSection(ProjectConfigurationPlatforms) = postSolution
		{648B3C00-A12C-4E83-B601-1D94C71A3A8B}.Debug|Any CPU.ActiveCfg = Debug|Any CPU
		{648B3C00-A12C-4E83-B601-1D94C71A3A8B}.Debug|Any CPU.Build.0 = Debug|Any CPU
		{648B3C00-A12C-4E83-B601-1D94C71A3A8B}.Release|Any CPU.ActiveCfg = Release|Any CPU
		{648B3C00-A12C-4E83-B601-1D94C71A3A8B}.Release|Any CPU.Build.0 = Release|Any CPU
	EndGlobalSection
	GlobalSection(SolutionProperties) = preSolution
		HideSolutionNode = FALSE
	EndGlobalSection
	GlobalSection(ExtensibilityGlobals) = postSolution
		SolutionGuid = {9B26C065-56C2-488E-A9CD-E6E966A9F71A}
	EndGlobalSection
EndGlobal
