
Microsoft Visual Studio Solution File, Format Version 12.00
# Visual Studio Version 16
VisualStudioVersion = 16.0.30011.22
MinimumVisualStudioVersion = 10.0.40219.1
Project("{FAE04EC0-301F-11D3-BF4B-00C04F79EFBC}") = "CustomAspNetCore", "CustomAspNetCore\CustomAspNetCore.csproj", "{BBDF03B9-83BB-4C70-889B-E7FF9CCC3A1D}"
EndProject
Global
	GlobalSection(SolutionConfigurationPlatforms) = preSolution
		Debug|Any CPU = Debug|Any CPU
		Release|Any CPU = Release|Any CPU
	EndGlobalSection
	GlobalSection(ProjectConfigurationPlatforms) = postSolution
		{BBDF03B9-83BB-4C70-889B-E7FF9CCC3A1D}.Debug|Any CPU.ActiveCfg = Debug|Any CPU
		{BBDF03B9-83BB-4C70-889B-E7FF9CCC3A1D}.Debug|Any CPU.Build.0 = Debug|Any CPU
		{BBDF03B9-83BB-4C70-889B-E7FF9CCC3A1D}.Release|Any CPU.ActiveCfg = Release|Any CPU
		{BBDF03B9-83BB-4C70-889B-E7FF9CCC3A1D}.Release|Any CPU.Build.0 = Release|Any CPU
	EndGlobalSection
	GlobalSection(SolutionProperties) = preSolution
		HideSolutionNode = FALSE
	EndGlobalSection
	GlobalSection(ExtensibilityGlobals) = postSolution
		SolutionGuid = {4324E5E6-EE78-4304-8929-E78E44F40046}
	EndGlobalSection
EndGlobal
